
Microsoft Visual Studio Solution File, Format Version 12.00
# Visual Studio 2013
VisualStudioVersion = 12.0.31101.0
MinimumVisualStudioVersion = 10.0.40219.1
Project("{FAE04EC0-301F-11D3-BF4B-00C04F79EFBC}") = "FinalBL", "FinalBL\FinalBL.csproj", "{76158399-3FC6-466C-9023-C435974D5EE3}"
EndProject
Project("{FAE04EC0-301F-11D3-BF4B-00C04F79EFBC}") = "FinalDL", "FinalDL\FinalDL.csproj", "{6D6460C9-5B52-4BF0-B6F7-7CB8C11E6987}"
EndProject
Project("{E24C65DC-7377-472B-9ABA-BC803B73C61A}") = "FinalGUI", "http://localhost:55639", "{8EA73D2E-3009-4D0D-B5A7-51CB7AB20844}"
	ProjectSection(WebsiteProperties) = preProject
		UseIISExpress = "true"
		TargetFrameworkMoniker = ".NETFramework,Version%3Dv4.5"
		ProjectReferences = "{76158399-3fc6-466c-9023-c435974d5ee3}|FinalBL.dll;{6D6460C9-5B52-4BF0-B6F7-7CB8C11E6987}|FinalDL.dll;"
		Debug.AspNetCompiler.VirtualPath = "/localhost_55639"
		Debug.AspNetCompiler.PhysicalPath = "FinalGUI\"
		Debug.AspNetCompiler.TargetPath = "PrecompiledWeb\localhost_55639\"
		Debug.AspNetCompiler.Updateable = "true"
		Debug.AspNetCompiler.ForceOverwrite = "true"
		Debug.AspNetCompiler.FixedNames = "false"
		Debug.AspNetCompiler.Debug = "True"
		Release.AspNetCompiler.VirtualPath = "/localhost_55639"
		Release.AspNetCompiler.PhysicalPath = "FinalGUI\"
		Release.AspNetCompiler.TargetPath = "PrecompiledWeb\localhost_55639\"
		Release.AspNetCompiler.Updateable = "true"
		Release.AspNetCompiler.ForceOverwrite = "true"
		Release.AspNetCompiler.FixedNames = "false"
		Release.AspNetCompiler.Debug = "False"
		SlnRelativePath = "FinalGUI\"
	EndProjectSection
EndProject
Global
	GlobalSection(SolutionConfigurationPlatforms) = preSolution
		Debug|Any CPU = Debug|Any CPU
		Release|Any CPU = Release|Any CPU
	EndGlobalSection
	GlobalSection(ProjectConfigurationPlatforms) = postSolution
		{76158399-3FC6-466C-9023-C435974D5EE3}.Debug|Any CPU.ActiveCfg = Debug|Any CPU
		{76158399-3FC6-466C-9023-C435974D5EE3}.Debug|Any CPU.Build.0 = Debug|Any CPU
		{76158399-3FC6-466C-9023-C435974D5EE3}.Release|Any CPU.ActiveCfg = Release|Any CPU
		{76158399-3FC6-466C-9023-C435974D5EE3}.Release|Any CPU.Build.0 = Release|Any CPU
		{6D6460C9-5B52-4BF0-B6F7-7CB8C11E6987}.Debug|Any CPU.ActiveCfg = Debug|Any CPU
		{6D6460C9-5B52-4BF0-B6F7-7CB8C11E6987}.Debug|Any CPU.Build.0 = Debug|Any CPU
		{6D6460C9-5B52-4BF0-B6F7-7CB8C11E6987}.Release|Any CPU.ActiveCfg = Release|Any CPU
		{6D6460C9-5B52-4BF0-B6F7-7CB8C11E6987}.Release|Any CPU.Build.0 = Release|Any CPU
		{8EA73D2E-3009-4D0D-B5A7-51CB7AB20844}.Debug|Any CPU.ActiveCfg = Debug|Any CPU
		{8EA73D2E-3009-4D0D-B5A7-51CB7AB20844}.Debug|Any CPU.Build.0 = Debug|Any CPU
		{8EA73D2E-3009-4D0D-B5A7-51CB7AB20844}.Release|Any CPU.ActiveCfg = Debug|Any CPU
		{8EA73D2E-3009-4D0D-B5A7-51CB7AB20844}.Release|Any CPU.Build.0 = Debug|Any CPU
	EndGlobalSection
	GlobalSection(SolutionProperties) = preSolution
		HideSolutionNode = FALSE
	EndGlobalSection
EndGlobal
